// !$*UTF8*$!
{
	archiveVersion = 1;
	classes = {
	};
	objectVersion = 46;
	objects = {

/* Begin PBXBuildFile section */
		2910DA5215AE252929848EC5 /* Pods_RoamniTests.framework in Frameworks */ = {isa = PBXBuildFile; fileRef = 3B3107C8B0FCBE227E654655 /* Pods_RoamniTests.framework */; };
		7AFA40DE2A0DC8A82D8D676E /* Pods_RoamniUITests.framework in Frameworks */ = {isa = PBXBuildFile; fileRef = 1BBCE8525A5D7236AA5CEAD2 /* Pods_RoamniUITests.framework */; };
		A608342E1E24F0B100775187 /* MyRoamniUserCell.swift in Sources */ = {isa = PBXBuildFile; fileRef = A608342D1E24F0B100775187 /* MyRoamniUserCell.swift */; };
		A60834301E24F0CA00775187 /* MyRoamniRequestTourCell.swift in Sources */ = {isa = PBXBuildFile; fileRef = A608342F1E24F0CA00775187 /* MyRoamniRequestTourCell.swift */; };
		A60834341E24F0EA00775187 /* MyRoamniUploadTourCell.swift in Sources */ = {isa = PBXBuildFile; fileRef = A60834331E24F0EA00775187 /* MyRoamniUploadTourCell.swift */; };
		A60834361E24F10000775187 /* MyRoamniDistributionCell.swift in Sources */ = {isa = PBXBuildFile; fileRef = A60834351E24F10000775187 /* MyRoamniDistributionCell.swift */; };
		A60834381E24F12B00775187 /* MyRoamniHowCell.swift in Sources */ = {isa = PBXBuildFile; fileRef = A60834371E24F12B00775187 /* MyRoamniHowCell.swift */; };
		A608343A1E24F13900775187 /* MyRoamniAboutCell.swift in Sources */ = {isa = PBXBuildFile; fileRef = A60834391E24F13900775187 /* MyRoamniAboutCell.swift */; };
		A608343D1E24F27B00775187 /* MyRoamniRequestTourViewController.swift in Sources */ = {isa = PBXBuildFile; fileRef = A608343C1E24F27B00775187 /* MyRoamniRequestTourViewController.swift */; };
		A608343F1E24F29A00775187 /* MyRoamniDownloadToursViewController.swift in Sources */ = {isa = PBXBuildFile; fileRef = A608343E1E24F29A00775187 /* MyRoamniDownloadToursViewController.swift */; };
		A60834411E24F2AA00775187 /* MyRoamniUploadToursViewController.swift in Sources */ = {isa = PBXBuildFile; fileRef = A60834401E24F2AA00775187 /* MyRoamniUploadToursViewController.swift */; };
		A60834431E24F2C500775187 /* MyRoamniDistributionReportsViewController.swift in Sources */ = {isa = PBXBuildFile; fileRef = A60834421E24F2C500775187 /* MyRoamniDistributionReportsViewController.swift */; };
		A60834451E24F2D200775187 /* MyRoamniHowViewController.swift in Sources */ = {isa = PBXBuildFile; fileRef = A60834441E24F2D200775187 /* MyRoamniHowViewController.swift */; };
		A60834471E24F2DC00775187 /* MyRoamniAboutViewController.swift in Sources */ = {isa = PBXBuildFile; fileRef = A60834461E24F2DC00775187 /* MyRoamniAboutViewController.swift */; };
		A60834491E24F41400775187 /* MyRoamniUserLoginViewController.swift in Sources */ = {isa = PBXBuildFile; fileRef = A60834481E24F41400775187 /* MyRoamniUserLoginViewController.swift */; };
		A608344D1E27592F00775187 /* MyRoamniLoginCell.swift in Sources */ = {isa = PBXBuildFile; fileRef = A608344C1E27592F00775187 /* MyRoamniLoginCell.swift */; };
		A60A3BEC1E4CA156005E2D0A /* KeyboardHideExtension.swift in Sources */ = {isa = PBXBuildFile; fileRef = A60A3BEB1E4CA156005E2D0A /* KeyboardHideExtension.swift */; };
		A60A3BEE1E4CE4B2005E2D0A /* DownloadTour.swift in Sources */ = {isa = PBXBuildFile; fileRef = A60A3BED1E4CE4B2005E2D0A /* DownloadTour.swift */; };
		A6A639921E1DF5AA0026E207 /* GoogleService-Info.plist in Resources */ = {isa = PBXBuildFile; fileRef = A6A639911E1DF5AA0026E207 /* GoogleService-Info.plist */; };
		A6A639941E1E05D10026E207 /* MyRoamniViewController.swift in Sources */ = {isa = PBXBuildFile; fileRef = A6A639931E1E05D10026E207 /* MyRoamniViewController.swift */; };
		A6B901971E39252400516908 /* ContainerTableViewCell.swift in Sources */ = {isa = PBXBuildFile; fileRef = A6B901961E39252400516908 /* ContainerTableViewCell.swift */; };
		A6B901991E3A446500516908 /* Extensions.swift in Sources */ = {isa = PBXBuildFile; fileRef = A6B901981E3A446500516908 /* Extensions.swift */; };
		A6B9019D1E3B339F00516908 /* StarViewController.swift in Sources */ = {isa = PBXBuildFile; fileRef = A6B9019C1E3B339F00516908 /* StarViewController.swift */; };
		F02617F51E2F95D3004697EA /* ContainerMapViewController.swift in Sources */ = {isa = PBXBuildFile; fileRef = F02617F41E2F95D3004697EA /* ContainerMapViewController.swift */; };
		F02617F71E2F95F1004697EA /* ContainerTableViewController.swift in Sources */ = {isa = PBXBuildFile; fileRef = F02617F61E2F95F1004697EA /* ContainerTableViewController.swift */; };
		F02617F91E2F97C0004697EA /* ContainerViewController.swift in Sources */ = {isa = PBXBuildFile; fileRef = F02617F81E2F97C0004697EA /* ContainerViewController.swift */; };
		F02617FB1E2F97CA004697EA /* EmptySegue.swift in Sources */ = {isa = PBXBuildFile; fileRef = F02617FA1E2F97CA004697EA /* EmptySegue.swift */; };
		F02617FD1E3222F7004697EA /* FilterTableViewController.swift in Sources */ = {isa = PBXBuildFile; fileRef = F02617FC1E3222F7004697EA /* FilterTableViewController.swift */; };
		F02618031E326222004697EA /* RatingTableViewCell.swift in Sources */ = {isa = PBXBuildFile; fileRef = F02618021E326222004697EA /* RatingTableViewCell.swift */; };
		F02618051E326252004697EA /* LengthTableViewCell.swift in Sources */ = {isa = PBXBuildFile; fileRef = F02618041E326252004697EA /* LengthTableViewCell.swift */; };
		F02618071E3266F1004697EA /* DifficultyTableViewCell.swift in Sources */ = {isa = PBXBuildFile; fileRef = F02618061E3266F1004697EA /* DifficultyTableViewCell.swift */; };
		F0296EB11E493EED00652816 /* MyTourTableViewController.swift in Sources */ = {isa = PBXBuildFile; fileRef = F0296EB01E493EED00652816 /* MyTourTableViewController.swift */; };
		F0296EB31E493FB300652816 /* MyRoamniDownloadCell.swift in Sources */ = {isa = PBXBuildFile; fileRef = F0296EB21E493FB300652816 /* MyRoamniDownloadCell.swift */; };
		F0296EB61E49491E00652816 /* MediaPlayer.framework in Frameworks */ = {isa = PBXBuildFile; fileRef = F0296EB51E49491E00652816 /* MediaPlayer.framework */; };
		F0296EB81E49492A00652816 /* AVFoundation.framework in Frameworks */ = {isa = PBXBuildFile; fileRef = F0296EB71E49492A00652816 /* AVFoundation.framework */; };
		F0296EBC1E4953EB00652816 /* 1.m4a in Resources */ = {isa = PBXBuildFile; fileRef = F0296EB91E49528B00652816 /* 1.m4a */; };
		F0296EBD1E4953EB00652816 /* 2.m4a in Resources */ = {isa = PBXBuildFile; fileRef = F0296EBA1E49528B00652816 /* 2.m4a */; };
		F0296EBE1E4953EB00652816 /* 3.m4a in Resources */ = {isa = PBXBuildFile; fileRef = F0296EBB1E49528B00652816 /* 3.m4a */; };
		F0296EC01E49D7DB00652816 /* LineView.swift in Sources */ = {isa = PBXBuildFile; fileRef = F0296EBF1E49D7DB00652816 /* LineView.swift */; };
		F0296EC21E49D7E200652816 /* ModalViewController.swift in Sources */ = {isa = PBXBuildFile; fileRef = F0296EC11E49D7E200652816 /* ModalViewController.swift */; };
		F0296EC41E49DC8400652816 /* MusicPlayerTransitionAnimation.swift in Sources */ = {isa = PBXBuildFile; fileRef = F0296EC31E49DC8400652816 /* MusicPlayerTransitionAnimation.swift */; };
		F05F19C21E1BC26C00556CD6 /* AppDelegate.swift in Sources */ = {isa = PBXBuildFile; fileRef = F05F19C11E1BC26C00556CD6 /* AppDelegate.swift */; };
		F05F19C41E1BC26C00556CD6 /* ViewController.swift in Sources */ = {isa = PBXBuildFile; fileRef = F05F19C31E1BC26C00556CD6 /* ViewController.swift */; };
		F05F19CA1E1BC26C00556CD6 /* Roamni.xcdatamodeld in Sources */ = {isa = PBXBuildFile; fileRef = F05F19C81E1BC26C00556CD6 /* Roamni.xcdatamodeld */; };
		F05F19CC1E1BC26C00556CD6 /* Assets.xcassets in Resources */ = {isa = PBXBuildFile; fileRef = F05F19CB1E1BC26C00556CD6 /* Assets.xcassets */; };
		F05F19DA1E1BC26C00556CD6 /* RoamniTests.swift in Sources */ = {isa = PBXBuildFile; fileRef = F05F19D91E1BC26C00556CD6 /* RoamniTests.swift */; };
		F05F19E51E1BC26C00556CD6 /* RoamniUITests.swift in Sources */ = {isa = PBXBuildFile; fileRef = F05F19E41E1BC26C00556CD6 /* RoamniUITests.swift */; };
		F05F19F61E1D18B700556CD6 /* WalkingTableViewCell.swift in Sources */ = {isa = PBXBuildFile; fileRef = F05F19F51E1D18B700556CD6 /* WalkingTableViewCell.swift */; };
		F05F19F81E1D190800556CD6 /* DrivingTableViewCell.swift in Sources */ = {isa = PBXBuildFile; fileRef = F05F19F71E1D190800556CD6 /* DrivingTableViewCell.swift */; };
		F05F19FA1E1D191300556CD6 /* CyclingTableViewCell.swift in Sources */ = {isa = PBXBuildFile; fileRef = F05F19F91E1D191300556CD6 /* CyclingTableViewCell.swift */; };
		F05F19FD1E1D1DE200556CD6 /* NearbyViewController.swift in Sources */ = {isa = PBXBuildFile; fileRef = F05F19FC1E1D1DE200556CD6 /* NearbyViewController.swift */; };
		F05F1A0B1E1D379800556CD6 /* ShopTableViewCell.swift in Sources */ = {isa = PBXBuildFile; fileRef = F05F1A0A1E1D379800556CD6 /* ShopTableViewCell.swift */; };
		F05F1A0D1E1D37A900556CD6 /* RealTableViewCell.swift in Sources */ = {isa = PBXBuildFile; fileRef = F05F1A0C1E1D37A900556CD6 /* RealTableViewCell.swift */; };
		F05F1A0F1E1D37BE00556CD6 /* AccTableViewCell.swift in Sources */ = {isa = PBXBuildFile; fileRef = F05F1A0E1E1D37BE00556CD6 /* AccTableViewCell.swift */; };
		F05F1A111E1D37CC00556CD6 /* MoreTableViewCell.swift in Sources */ = {isa = PBXBuildFile; fileRef = F05F1A101E1D37CC00556CD6 /* MoreTableViewCell.swift */; };
		F05F1A131E1D37E200556CD6 /* RecomTableViewCell.swift in Sources */ = {isa = PBXBuildFile; fileRef = F05F1A121E1D37E200556CD6 /* RecomTableViewCell.swift */; };
		F05F1A151E1D37F100556CD6 /* PreTableViewCell.swift in Sources */ = {isa = PBXBuildFile; fileRef = F05F1A141E1D37F100556CD6 /* PreTableViewCell.swift */; };
		F063DE1D1E22929D00424985 /* DetailViewController.swift in Sources */ = {isa = PBXBuildFile; fileRef = F063DE1C1E22929D00424985 /* DetailViewController.swift */; };
		F063DE1F1E2355DC00424985 /* Tour.swift in Sources */ = {isa = PBXBuildFile; fileRef = F063DE1E1E2355DC00424985 /* Tour.swift */; };
		F063DE211E239B0400424985 /* Main.storyboard in Resources */ = {isa = PBXBuildFile; fileRef = F063DE201E239B0400424985 /* Main.storyboard */; };
		F080D7671E2DF5AC0031B1CD /* TourForMap.swift in Sources */ = {isa = PBXBuildFile; fileRef = F080D7661E2DF5AC0031B1CD /* TourForMap.swift */; };
		F080D7691E2F4A510031B1CD /* SearchContainerViewController.swift in Sources */ = {isa = PBXBuildFile; fileRef = F080D7681E2F4A510031B1CD /* SearchContainerViewController.swift */; };
		F0BCCB141E362E52005162DB /* LaunchScreen.storyboard in Resources */ = {isa = PBXBuildFile; fileRef = F0BCCB131E362E52005162DB /* LaunchScreen.storyboard */; };
		F0F2D92B1E59F783004F21C4 /* img.jpeg in Resources */ = {isa = PBXBuildFile; fileRef = F0F2D92A1E59F783004F21C4 /* img.jpeg */; };
		F600FF01EC8FB4F541B41A03 /* Pods_Roamni.framework in Frameworks */ = {isa = PBXBuildFile; fileRef = A531D37C9D53C200DDC8D43A /* Pods_Roamni.framework */; };
/* End PBXBuildFile section */

/* Begin PBXContainerItemProxy section */
		F05F19D61E1BC26C00556CD6 /* PBXContainerItemProxy */ = {
			isa = PBXContainerItemProxy;
			containerPortal = F05F19B61E1BC26C00556CD6 /* Project object */;
			proxyType = 1;
			remoteGlobalIDString = F05F19BD1E1BC26C00556CD6;
			remoteInfo = Roamni;
		};
		F05F19E11E1BC26C00556CD6 /* PBXContainerItemProxy */ = {
			isa = PBXContainerItemProxy;
			containerPortal = F05F19B61E1BC26C00556CD6 /* Project object */;
			proxyType = 1;
			remoteGlobalIDString = F05F19BD1E1BC26C00556CD6;
			remoteInfo = Roamni;
		};
/* End PBXContainerItemProxy section */

/* Begin PBXFileReference section */
		1BBCE8525A5D7236AA5CEAD2 /* Pods_RoamniUITests.framework */ = {isa = PBXFileReference; explicitFileType = wrapper.framework; includeInIndex = 0; path = Pods_RoamniUITests.framework; sourceTree = BUILT_PRODUCTS_DIR; };
		3B3107C8B0FCBE227E654655 /* Pods_RoamniTests.framework */ = {isa = PBXFileReference; explicitFileType = wrapper.framework; includeInIndex = 0; path = Pods_RoamniTests.framework; sourceTree = BUILT_PRODUCTS_DIR; };
		47FFDFCA848D1C7A4458852B /* Pods-RoamniTests.release.xcconfig */ = {isa = PBXFileReference; includeInIndex = 1; lastKnownFileType = text.xcconfig; name = "Pods-RoamniTests.release.xcconfig"; path = "Pods/Target Support Files/Pods-RoamniTests/Pods-RoamniTests.release.xcconfig"; sourceTree = "<group>"; };
		6BF49D98EAD3D4B15D245B4E /* Pods-RoamniUITests.debug.xcconfig */ = {isa = PBXFileReference; includeInIndex = 1; lastKnownFileType = text.xcconfig; name = "Pods-RoamniUITests.debug.xcconfig"; path = "Pods/Target Support Files/Pods-RoamniUITests/Pods-RoamniUITests.debug.xcconfig"; sourceTree = "<group>"; };
		A531D37C9D53C200DDC8D43A /* Pods_Roamni.framework */ = {isa = PBXFileReference; explicitFileType = wrapper.framework; includeInIndex = 0; path = Pods_Roamni.framework; sourceTree = BUILT_PRODUCTS_DIR; };
		A608342D1E24F0B100775187 /* MyRoamniUserCell.swift */ = {isa = PBXFileReference; fileEncoding = 4; lastKnownFileType = sourcecode.swift; path = MyRoamniUserCell.swift; sourceTree = "<group>"; };
		A608342F1E24F0CA00775187 /* MyRoamniRequestTourCell.swift */ = {isa = PBXFileReference; fileEncoding = 4; lastKnownFileType = sourcecode.swift; path = MyRoamniRequestTourCell.swift; sourceTree = "<group>"; };
		A60834331E24F0EA00775187 /* MyRoamniUploadTourCell.swift */ = {isa = PBXFileReference; fileEncoding = 4; lastKnownFileType = sourcecode.swift; path = MyRoamniUploadTourCell.swift; sourceTree = "<group>"; };
		A60834351E24F10000775187 /* MyRoamniDistributionCell.swift */ = {isa = PBXFileReference; fileEncoding = 4; lastKnownFileType = sourcecode.swift; path = MyRoamniDistributionCell.swift; sourceTree = "<group>"; };
		A60834371E24F12B00775187 /* MyRoamniHowCell.swift */ = {isa = PBXFileReference; fileEncoding = 4; lastKnownFileType = sourcecode.swift; path = MyRoamniHowCell.swift; sourceTree = "<group>"; };
		A60834391E24F13900775187 /* MyRoamniAboutCell.swift */ = {isa = PBXFileReference; fileEncoding = 4; lastKnownFileType = sourcecode.swift; path = MyRoamniAboutCell.swift; sourceTree = "<group>"; };
		A608343C1E24F27B00775187 /* MyRoamniRequestTourViewController.swift */ = {isa = PBXFileReference; fileEncoding = 4; lastKnownFileType = sourcecode.swift; path = MyRoamniRequestTourViewController.swift; sourceTree = "<group>"; };
		A608343E1E24F29A00775187 /* MyRoamniDownloadToursViewController.swift */ = {isa = PBXFileReference; fileEncoding = 4; lastKnownFileType = sourcecode.swift; path = MyRoamniDownloadToursViewController.swift; sourceTree = "<group>"; };
		A60834401E24F2AA00775187 /* MyRoamniUploadToursViewController.swift */ = {isa = PBXFileReference; fileEncoding = 4; lastKnownFileType = sourcecode.swift; path = MyRoamniUploadToursViewController.swift; sourceTree = "<group>"; };
		A60834421E24F2C500775187 /* MyRoamniDistributionReportsViewController.swift */ = {isa = PBXFileReference; fileEncoding = 4; lastKnownFileType = sourcecode.swift; path = MyRoamniDistributionReportsViewController.swift; sourceTree = "<group>"; };
		A60834441E24F2D200775187 /* MyRoamniHowViewController.swift */ = {isa = PBXFileReference; fileEncoding = 4; lastKnownFileType = sourcecode.swift; path = MyRoamniHowViewController.swift; sourceTree = "<group>"; };
		A60834461E24F2DC00775187 /* MyRoamniAboutViewController.swift */ = {isa = PBXFileReference; fileEncoding = 4; lastKnownFileType = sourcecode.swift; path = MyRoamniAboutViewController.swift; sourceTree = "<group>"; };
		A60834481E24F41400775187 /* MyRoamniUserLoginViewController.swift */ = {isa = PBXFileReference; fileEncoding = 4; lastKnownFileType = sourcecode.swift; path = MyRoamniUserLoginViewController.swift; sourceTree = "<group>"; };
		A608344C1E27592F00775187 /* MyRoamniLoginCell.swift */ = {isa = PBXFileReference; fileEncoding = 4; lastKnownFileType = sourcecode.swift; path = MyRoamniLoginCell.swift; sourceTree = "<group>"; };
		A60A3BEB1E4CA156005E2D0A /* KeyboardHideExtension.swift */ = {isa = PBXFileReference; fileEncoding = 4; lastKnownFileType = sourcecode.swift; path = KeyboardHideExtension.swift; sourceTree = "<group>"; };
		A60A3BED1E4CE4B2005E2D0A /* DownloadTour.swift */ = {isa = PBXFileReference; fileEncoding = 4; lastKnownFileType = sourcecode.swift; path = DownloadTour.swift; sourceTree = "<group>"; };
		A6A639911E1DF5AA0026E207 /* GoogleService-Info.plist */ = {isa = PBXFileReference; fileEncoding = 4; lastKnownFileType = text.plist.xml; path = "GoogleService-Info.plist"; sourceTree = "<group>"; };
		A6A639931E1E05D10026E207 /* MyRoamniViewController.swift */ = {isa = PBXFileReference; fileEncoding = 4; lastKnownFileType = sourcecode.swift; path = MyRoamniViewController.swift; sourceTree = "<group>"; };
		A6B901961E39252400516908 /* ContainerTableViewCell.swift */ = {isa = PBXFileReference; fileEncoding = 4; lastKnownFileType = sourcecode.swift; path = ContainerTableViewCell.swift; sourceTree = "<group>"; };
		A6B901981E3A446500516908 /* Extensions.swift */ = {isa = PBXFileReference; fileEncoding = 4; lastKnownFileType = sourcecode.swift; path = Extensions.swift; sourceTree = "<group>"; };
		A6B9019C1E3B339F00516908 /* StarViewController.swift */ = {isa = PBXFileReference; fileEncoding = 4; lastKnownFileType = sourcecode.swift; path = StarViewController.swift; sourceTree = "<group>"; };
		AC13739CE1DA53B86601A213 /* Pods-RoamniTests.debug.xcconfig */ = {isa = PBXFileReference; includeInIndex = 1; lastKnownFileType = text.xcconfig; name = "Pods-RoamniTests.debug.xcconfig"; path = "Pods/Target Support Files/Pods-RoamniTests/Pods-RoamniTests.debug.xcconfig"; sourceTree = "<group>"; };
		B6B44BF97247FFACC8EC1517 /* Pods-Roamni.debug.xcconfig */ = {isa = PBXFileReference; includeInIndex = 1; lastKnownFileType = text.xcconfig; name = "Pods-Roamni.debug.xcconfig"; path = "Pods/Target Support Files/Pods-Roamni/Pods-Roamni.debug.xcconfig"; sourceTree = "<group>"; };
		C95B3B5E6B72742CC18460B8 /* Pods-Roamni.release.xcconfig */ = {isa = PBXFileReference; includeInIndex = 1; lastKnownFileType = text.xcconfig; name = "Pods-Roamni.release.xcconfig"; path = "Pods/Target Support Files/Pods-Roamni/Pods-Roamni.release.xcconfig"; sourceTree = "<group>"; };
		F02617F41E2F95D3004697EA /* ContainerMapViewController.swift */ = {isa = PBXFileReference; fileEncoding = 4; lastKnownFileType = sourcecode.swift; path = ContainerMapViewController.swift; sourceTree = "<group>"; };
		F02617F61E2F95F1004697EA /* ContainerTableViewController.swift */ = {isa = PBXFileReference; fileEncoding = 4; lastKnownFileType = sourcecode.swift; path = ContainerTableViewController.swift; sourceTree = "<group>"; };
		F02617F81E2F97C0004697EA /* ContainerViewController.swift */ = {isa = PBXFileReference; fileEncoding = 4; lastKnownFileType = sourcecode.swift; path = ContainerViewController.swift; sourceTree = "<group>"; };
		F02617FA1E2F97CA004697EA /* EmptySegue.swift */ = {isa = PBXFileReference; fileEncoding = 4; lastKnownFileType = sourcecode.swift; path = EmptySegue.swift; sourceTree = "<group>"; };
		F02617FC1E3222F7004697EA /* FilterTableViewController.swift */ = {isa = PBXFileReference; fileEncoding = 4; lastKnownFileType = sourcecode.swift; path = FilterTableViewController.swift; sourceTree = "<group>"; };
		F02618021E326222004697EA /* RatingTableViewCell.swift */ = {isa = PBXFileReference; fileEncoding = 4; lastKnownFileType = sourcecode.swift; path = RatingTableViewCell.swift; sourceTree = "<group>"; };
		F02618041E326252004697EA /* LengthTableViewCell.swift */ = {isa = PBXFileReference; fileEncoding = 4; lastKnownFileType = sourcecode.swift; path = LengthTableViewCell.swift; sourceTree = "<group>"; };
		F02618061E3266F1004697EA /* DifficultyTableViewCell.swift */ = {isa = PBXFileReference; fileEncoding = 4; lastKnownFileType = sourcecode.swift; path = DifficultyTableViewCell.swift; sourceTree = "<group>"; };
		F0296EB01E493EED00652816 /* MyTourTableViewController.swift */ = {isa = PBXFileReference; fileEncoding = 4; lastKnownFileType = sourcecode.swift; path = MyTourTableViewController.swift; sourceTree = "<group>"; };
		F0296EB21E493FB300652816 /* MyRoamniDownloadCell.swift */ = {isa = PBXFileReference; fileEncoding = 4; lastKnownFileType = sourcecode.swift; path = MyRoamniDownloadCell.swift; sourceTree = "<group>"; };
		F0296EB51E49491E00652816 /* MediaPlayer.framework */ = {isa = PBXFileReference; lastKnownFileType = wrapper.framework; name = MediaPlayer.framework; path = System/Library/Frameworks/MediaPlayer.framework; sourceTree = SDKROOT; };
		F0296EB71E49492A00652816 /* AVFoundation.framework */ = {isa = PBXFileReference; lastKnownFileType = wrapper.framework; name = AVFoundation.framework; path = System/Library/Frameworks/AVFoundation.framework; sourceTree = SDKROOT; };
		F0296EB91E49528B00652816 /* 1.m4a */ = {isa = PBXFileReference; lastKnownFileType = file; path = 1.m4a; sourceTree = "<group>"; };
		F0296EBA1E49528B00652816 /* 2.m4a */ = {isa = PBXFileReference; lastKnownFileType = file; path = 2.m4a; sourceTree = "<group>"; };
		F0296EBB1E49528B00652816 /* 3.m4a */ = {isa = PBXFileReference; lastKnownFileType = file; path = 3.m4a; sourceTree = "<group>"; };
		F0296EBF1E49D7DB00652816 /* LineView.swift */ = {isa = PBXFileReference; fileEncoding = 4; lastKnownFileType = sourcecode.swift; path = LineView.swift; sourceTree = "<group>"; };
		F0296EC11E49D7E200652816 /* ModalViewController.swift */ = {isa = PBXFileReference; fileEncoding = 4; lastKnownFileType = sourcecode.swift; path = ModalViewController.swift; sourceTree = "<group>"; };
		F0296EC31E49DC8400652816 /* MusicPlayerTransitionAnimation.swift */ = {isa = PBXFileReference; fileEncoding = 4; lastKnownFileType = sourcecode.swift; path = MusicPlayerTransitionAnimation.swift; sourceTree = "<group>"; };
		F05F19BE1E1BC26C00556CD6 /* Roamni.app */ = {isa = PBXFileReference; explicitFileType = wrapper.application; includeInIndex = 0; path = Roamni.app; sourceTree = BUILT_PRODUCTS_DIR; };
		F05F19C11E1BC26C00556CD6 /* AppDelegate.swift */ = {isa = PBXFileReference; lastKnownFileType = sourcecode.swift; path = AppDelegate.swift; sourceTree = "<group>"; };
		F05F19C31E1BC26C00556CD6 /* ViewController.swift */ = {isa = PBXFileReference; lastKnownFileType = sourcecode.swift; path = ViewController.swift; sourceTree = "<group>"; };
		F05F19C91E1BC26C00556CD6 /* Roamni.xcdatamodel */ = {isa = PBXFileReference; lastKnownFileType = wrapper.xcdatamodel; path = Roamni.xcdatamodel; sourceTree = "<group>"; };
		F05F19CB1E1BC26C00556CD6 /* Assets.xcassets */ = {isa = PBXFileReference; lastKnownFileType = folder.assetcatalog; path = Assets.xcassets; sourceTree = "<group>"; };
		F05F19D01E1BC26C00556CD6 /* Info.plist */ = {isa = PBXFileReference; lastKnownFileType = text.plist.xml; path = Info.plist; sourceTree = "<group>"; };
		F05F19D51E1BC26C00556CD6 /* RoamniTests.xctest */ = {isa = PBXFileReference; explicitFileType = wrapper.cfbundle; includeInIndex = 0; path = RoamniTests.xctest; sourceTree = BUILT_PRODUCTS_DIR; };
		F05F19D91E1BC26C00556CD6 /* RoamniTests.swift */ = {isa = PBXFileReference; lastKnownFileType = sourcecode.swift; path = RoamniTests.swift; sourceTree = "<group>"; };
		F05F19DB1E1BC26C00556CD6 /* Info.plist */ = {isa = PBXFileReference; lastKnownFileType = text.plist.xml; path = Info.plist; sourceTree = "<group>"; };
		F05F19E01E1BC26C00556CD6 /* RoamniUITests.xctest */ = {isa = PBXFileReference; explicitFileType = wrapper.cfbundle; includeInIndex = 0; path = RoamniUITests.xctest; sourceTree = BUILT_PRODUCTS_DIR; };
		F05F19E41E1BC26C00556CD6 /* RoamniUITests.swift */ = {isa = PBXFileReference; lastKnownFileType = sourcecode.swift; path = RoamniUITests.swift; sourceTree = "<group>"; };
		F05F19E61E1BC26C00556CD6 /* Info.plist */ = {isa = PBXFileReference; lastKnownFileType = text.plist.xml; path = Info.plist; sourceTree = "<group>"; };
		F05F19F51E1D18B700556CD6 /* WalkingTableViewCell.swift */ = {isa = PBXFileReference; fileEncoding = 4; lastKnownFileType = sourcecode.swift; path = WalkingTableViewCell.swift; sourceTree = "<group>"; };
		F05F19F71E1D190800556CD6 /* DrivingTableViewCell.swift */ = {isa = PBXFileReference; fileEncoding = 4; lastKnownFileType = sourcecode.swift; path = DrivingTableViewCell.swift; sourceTree = "<group>"; };
		F05F19F91E1D191300556CD6 /* CyclingTableViewCell.swift */ = {isa = PBXFileReference; fileEncoding = 4; lastKnownFileType = sourcecode.swift; path = CyclingTableViewCell.swift; sourceTree = "<group>"; };
		F05F19FC1E1D1DE200556CD6 /* NearbyViewController.swift */ = {isa = PBXFileReference; fileEncoding = 4; lastKnownFileType = sourcecode.swift; path = NearbyViewController.swift; sourceTree = "<group>"; };
		F05F1A0A1E1D379800556CD6 /* ShopTableViewCell.swift */ = {isa = PBXFileReference; fileEncoding = 4; lastKnownFileType = sourcecode.swift; path = ShopTableViewCell.swift; sourceTree = "<group>"; };
		F05F1A0C1E1D37A900556CD6 /* RealTableViewCell.swift */ = {isa = PBXFileReference; fileEncoding = 4; lastKnownFileType = sourcecode.swift; path = RealTableViewCell.swift; sourceTree = "<group>"; };
		F05F1A0E1E1D37BE00556CD6 /* AccTableViewCell.swift */ = {isa = PBXFileReference; fileEncoding = 4; lastKnownFileType = sourcecode.swift; path = AccTableViewCell.swift; sourceTree = "<group>"; };
		F05F1A101E1D37CC00556CD6 /* MoreTableViewCell.swift */ = {isa = PBXFileReference; fileEncoding = 4; lastKnownFileType = sourcecode.swift; path = MoreTableViewCell.swift; sourceTree = "<group>"; };
		F05F1A121E1D37E200556CD6 /* RecomTableViewCell.swift */ = {isa = PBXFileReference; fileEncoding = 4; lastKnownFileType = sourcecode.swift; path = RecomTableViewCell.swift; sourceTree = "<group>"; };
		F05F1A141E1D37F100556CD6 /* PreTableViewCell.swift */ = {isa = PBXFileReference; fileEncoding = 4; lastKnownFileType = sourcecode.swift; path = PreTableViewCell.swift; sourceTree = "<group>"; };
		F063DE1C1E22929D00424985 /* DetailViewController.swift */ = {isa = PBXFileReference; fileEncoding = 4; lastKnownFileType = sourcecode.swift; path = DetailViewController.swift; sourceTree = "<group>"; };
		F063DE1E1E2355DC00424985 /* Tour.swift */ = {isa = PBXFileReference; fileEncoding = 4; lastKnownFileType = sourcecode.swift; path = Tour.swift; sourceTree = "<group>"; };
		F063DE201E239B0400424985 /* Main.storyboard */ = {isa = PBXFileReference; fileEncoding = 4; lastKnownFileType = file.storyboard; path = Main.storyboard; sourceTree = "<group>"; };
		F080D7661E2DF5AC0031B1CD /* TourForMap.swift */ = {isa = PBXFileReference; fileEncoding = 4; lastKnownFileType = sourcecode.swift; path = TourForMap.swift; sourceTree = "<group>"; };
		F080D7681E2F4A510031B1CD /* SearchContainerViewController.swift */ = {isa = PBXFileReference; fileEncoding = 4; lastKnownFileType = sourcecode.swift; path = SearchContainerViewController.swift; sourceTree = "<group>"; };
		F0BCCB131E362E52005162DB /* LaunchScreen.storyboard */ = {isa = PBXFileReference; fileEncoding = 4; lastKnownFileType = file.storyboard; path = LaunchScreen.storyboard; sourceTree = "<group>"; };
		F0F2D92A1E59F783004F21C4 /* img.jpeg */ = {isa = PBXFileReference; lastKnownFileType = image.jpeg; path = img.jpeg; sourceTree = "<group>"; };
		F51C488CFB7EC4528C52017A /* Pods-RoamniUITests.release.xcconfig */ = {isa = PBXFileReference; includeInIndex = 1; lastKnownFileType = text.xcconfig; name = "Pods-RoamniUITests.release.xcconfig"; path = "Pods/Target Support Files/Pods-RoamniUITests/Pods-RoamniUITests.release.xcconfig"; sourceTree = "<group>"; };
/* End PBXFileReference section */

/* Begin PBXFrameworksBuildPhase section */
		F05F19BB1E1BC26C00556CD6 /* Frameworks */ = {
			isa = PBXFrameworksBuildPhase;
			buildActionMask = 2147483647;
			files = (
				F0296EB81E49492A00652816 /* AVFoundation.framework in Frameworks */,
				F0296EB61E49491E00652816 /* MediaPlayer.framework in Frameworks */,
				F600FF01EC8FB4F541B41A03 /* Pods_Roamni.framework in Frameworks */,
			);
			runOnlyForDeploymentPostprocessing = 0;
		};
		F05F19D21E1BC26C00556CD6 /* Frameworks */ = {
			isa = PBXFrameworksBuildPhase;
			buildActionMask = 2147483647;
			files = (
				2910DA5215AE252929848EC5 /* Pods_RoamniTests.framework in Frameworks */,
			);
			runOnlyForDeploymentPostprocessing = 0;
		};
		F05F19DD1E1BC26C00556CD6 /* Frameworks */ = {
			isa = PBXFrameworksBuildPhase;
			buildActionMask = 2147483647;
			files = (
				7AFA40DE2A0DC8A82D8D676E /* Pods_RoamniUITests.framework in Frameworks */,
			);
			runOnlyForDeploymentPostprocessing = 0;
		};
/* End PBXFrameworksBuildPhase section */

/* Begin PBXGroup section */
		26415866E4836DD71E862909 /* Frameworks */ = {
			isa = PBXGroup;
			children = (
				F0296EB71E49492A00652816 /* AVFoundation.framework */,
				F0296EB51E49491E00652816 /* MediaPlayer.framework */,
				A531D37C9D53C200DDC8D43A /* Pods_Roamni.framework */,
				3B3107C8B0FCBE227E654655 /* Pods_RoamniTests.framework */,
				1BBCE8525A5D7236AA5CEAD2 /* Pods_RoamniUITests.framework */,
			);
			name = Frameworks;
			sourceTree = "<group>";
		};
		7190522F37E389E02E313638 /* Pods */ = {
			isa = PBXGroup;
			children = (
				B6B44BF97247FFACC8EC1517 /* Pods-Roamni.debug.xcconfig */,
				C95B3B5E6B72742CC18460B8 /* Pods-Roamni.release.xcconfig */,
				AC13739CE1DA53B86601A213 /* Pods-RoamniTests.debug.xcconfig */,
				47FFDFCA848D1C7A4458852B /* Pods-RoamniTests.release.xcconfig */,
				6BF49D98EAD3D4B15D245B4E /* Pods-RoamniUITests.debug.xcconfig */,
				F51C488CFB7EC4528C52017A /* Pods-RoamniUITests.release.xcconfig */,
			);
			name = Pods;
			sourceTree = "<group>";
		};
		A608342C1E24F06F00775187 /* MyRoamniTableCell */ = {
			isa = PBXGroup;
			children = (
				A608342D1E24F0B100775187 /* MyRoamniUserCell.swift */,
				A608342F1E24F0CA00775187 /* MyRoamniRequestTourCell.swift */,
				A60834331E24F0EA00775187 /* MyRoamniUploadTourCell.swift */,
				A60834351E24F10000775187 /* MyRoamniDistributionCell.swift */,
				A60834371E24F12B00775187 /* MyRoamniHowCell.swift */,
				A60834391E24F13900775187 /* MyRoamniAboutCell.swift */,
				A608344C1E27592F00775187 /* MyRoamniLoginCell.swift */,
				F0296EB21E493FB300652816 /* MyRoamniDownloadCell.swift */,
			);
			name = MyRoamniTableCell;
			sourceTree = "<group>";
		};
		A608343B1E24F15800775187 /* MyRoamniController */ = {
			isa = PBXGroup;
			children = (
				A6A639931E1E05D10026E207 /* MyRoamniViewController.swift */,
				A608343C1E24F27B00775187 /* MyRoamniRequestTourViewController.swift */,
				A608343E1E24F29A00775187 /* MyRoamniDownloadToursViewController.swift */,
				A60834401E24F2AA00775187 /* MyRoamniUploadToursViewController.swift */,
				A60834421E24F2C500775187 /* MyRoamniDistributionReportsViewController.swift */,
				A60834441E24F2D200775187 /* MyRoamniHowViewController.swift */,
				A60834461E24F2DC00775187 /* MyRoamniAboutViewController.swift */,
				A60834481E24F41400775187 /* MyRoamniUserLoginViewController.swift */,
				F0296EB01E493EED00652816 /* MyTourTableViewController.swift */,
			);
			name = MyRoamniController;
			sourceTree = "<group>";
		};
		F02617FE1E3223E9004697EA /* SearchContainerController */ = {
			isa = PBXGroup;
			children = (
				F080D7681E2F4A510031B1CD /* SearchContainerViewController.swift */,
				F02617F61E2F95F1004697EA /* ContainerTableViewController.swift */,
				F02617F41E2F95D3004697EA /* ContainerMapViewController.swift */,
				F02617F81E2F97C0004697EA /* ContainerViewController.swift */,
				F063DE1C1E22929D00424985 /* DetailViewController.swift */,
				F02617FA1E2F97CA004697EA /* EmptySegue.swift */,
				F02617FC1E3222F7004697EA /* FilterTableViewController.swift */,
				A6B901961E39252400516908 /* ContainerTableViewCell.swift */,
			);
			name = SearchContainerController;
			sourceTree = "<group>";
		};
		F02617FF1E322432004697EA /* NearbyController */ = {
			isa = PBXGroup;
			children = (
				F05F19FC1E1D1DE200556CD6 /* NearbyViewController.swift */,
			);
			name = NearbyController;
			sourceTree = "<group>";
		};
		F02618001E3224D5004697EA /* Class */ = {
			isa = PBXGroup;
			children = (
				F063DE1E1E2355DC00424985 /* Tour.swift */,
				F080D7661E2DF5AC0031B1CD /* TourForMap.swift */,
				A60A3BED1E4CE4B2005E2D0A /* DownloadTour.swift */,
			);
			name = Class;
			sourceTree = "<group>";
		};
		F02618011E32258B004697EA /* FilterTableCell */ = {
			isa = PBXGroup;
			children = (
				F02618021E326222004697EA /* RatingTableViewCell.swift */,
				F02618041E326252004697EA /* LengthTableViewCell.swift */,
				F02618061E3266F1004697EA /* DifficultyTableViewCell.swift */,
			);
			name = FilterTableCell;
			sourceTree = "<group>";
		};
		F0296EB41E49480600652816 /* Supporting Files */ = {
			isa = PBXGroup;
			children = (
			);
			name = "Supporting Files";
			sourceTree = "<group>";
		};
		F05F19B51E1BC26C00556CD6 = {
			isa = PBXGroup;
			children = (
				F05F19C01E1BC26C00556CD6 /* Roamni */,
				F05F19D81E1BC26C00556CD6 /* RoamniTests */,
				F05F19E31E1BC26C00556CD6 /* RoamniUITests */,
				F05F19BF1E1BC26C00556CD6 /* Products */,
				7190522F37E389E02E313638 /* Pods */,
				26415866E4836DD71E862909 /* Frameworks */,
			);
			sourceTree = "<group>";
		};
		F05F19BF1E1BC26C00556CD6 /* Products */ = {
			isa = PBXGroup;
			children = (
				F05F19BE1E1BC26C00556CD6 /* Roamni.app */,
				F05F19D51E1BC26C00556CD6 /* RoamniTests.xctest */,
				F05F19E01E1BC26C00556CD6 /* RoamniUITests.xctest */,
			);
			name = Products;
			sourceTree = "<group>";
		};
		F05F19C01E1BC26C00556CD6 /* Roamni */ = {
			isa = PBXGroup;
			children = (
				F02618001E3224D5004697EA /* Class */,
				F05F19FB1E1D1DC600556CD6 /* Controller */,
				F02618011E32258B004697EA /* FilterTableCell */,
				A608342C1E24F06F00775187 /* MyRoamniTableCell */,
				F05F19F41E1D186A00556CD6 /* NearbyTableCell */,
				F05F19C11E1BC26C00556CD6 /* AppDelegate.swift */,
				F05F19C31E1BC26C00556CD6 /* ViewController.swift */,
				F063DE201E239B0400424985 /* Main.storyboard */,
				F05F19CB1E1BC26C00556CD6 /* Assets.xcassets */,
				F0BCCB131E362E52005162DB /* LaunchScreen.storyboard */,
				F05F19C81E1BC26C00556CD6 /* Roamni.xcdatamodeld */,
				A6A639911E1DF5AA0026E207 /* GoogleService-Info.plist */,
				A6B901981E3A446500516908 /* Extensions.swift */,
				A6B9019C1E3B339F00516908 /* StarViewController.swift */,
				F0296EBF1E49D7DB00652816 /* LineView.swift */,
				F0296EC11E49D7E200652816 /* ModalViewController.swift */,
				F0296EC31E49DC8400652816 /* MusicPlayerTransitionAnimation.swift */,
				A60A3BEB1E4CA156005E2D0A /* KeyboardHideExtension.swift */,
				F0F2D92A1E59F783004F21C4 /* img.jpeg */,
				F05F19D01E1BC26C00556CD6 /* Info.plist */,
				F0296EB91E49528B00652816 /* 1.m4a */,
				F0296EBA1E49528B00652816 /* 2.m4a */,
				F0296EBB1E49528B00652816 /* 3.m4a */,
				F0296EB41E49480600652816 /* Supporting Files */,
			);
			path = Roamni;
			sourceTree = "<group>";
		};
		F05F19D81E1BC26C00556CD6 /* RoamniTests */ = {
			isa = PBXGroup;
			children = (
				F05F19D91E1BC26C00556CD6 /* RoamniTests.swift */,
				F05F19DB1E1BC26C00556CD6 /* Info.plist */,
			);
			path = RoamniTests;
			sourceTree = "<group>";
		};
		F05F19E31E1BC26C00556CD6 /* RoamniUITests */ = {
			isa = PBXGroup;
			children = (
				F05F19E41E1BC26C00556CD6 /* RoamniUITests.swift */,
				F05F19E61E1BC26C00556CD6 /* Info.plist */,
			);
			path = RoamniUITests;
			sourceTree = "<group>";
		};
		F05F19F41E1D186A00556CD6 /* NearbyTableCell */ = {
			isa = PBXGroup;
			children = (
				F05F19F51E1D18B700556CD6 /* WalkingTableViewCell.swift */,
				F05F19F71E1D190800556CD6 /* DrivingTableViewCell.swift */,
				F05F19F91E1D191300556CD6 /* CyclingTableViewCell.swift */,
				F05F1A0A1E1D379800556CD6 /* ShopTableViewCell.swift */,
				F05F1A0C1E1D37A900556CD6 /* RealTableViewCell.swift */,
				F05F1A0E1E1D37BE00556CD6 /* AccTableViewCell.swift */,
				F05F1A101E1D37CC00556CD6 /* MoreTableViewCell.swift */,
				F05F1A121E1D37E200556CD6 /* RecomTableViewCell.swift */,
				F05F1A141E1D37F100556CD6 /* PreTableViewCell.swift */,
			);
			name = NearbyTableCell;
			sourceTree = "<group>";
		};
		F05F19FB1E1D1DC600556CD6 /* Controller */ = {
			isa = PBXGroup;
			children = (
				F02617FF1E322432004697EA /* NearbyController */,
				F02617FE1E3223E9004697EA /* SearchContainerController */,
				A608343B1E24F15800775187 /* MyRoamniController */,
			);
			name = Controller;
			sourceTree = "<group>";
		};
/* End PBXGroup section */

/* Begin PBXNativeTarget section */
		F05F19BD1E1BC26C00556CD6 /* Roamni */ = {
			isa = PBXNativeTarget;
			buildConfigurationList = F05F19E91E1BC26C00556CD6 /* Build configuration list for PBXNativeTarget "Roamni" */;
			buildPhases = (
				508FD1AD5DCB4690906CA30B /* [CP] Check Pods Manifest.lock */,
				F05F19BA1E1BC26C00556CD6 /* Sources */,
				F05F19BB1E1BC26C00556CD6 /* Frameworks */,
				F05F19BC1E1BC26C00556CD6 /* Resources */,
				C18BD87588C0ECDD92D64383 /* [CP] Embed Pods Frameworks */,
				172BD6BA9FE0FC0FB3E773EA /* [CP] Copy Pods Resources */,
			);
			buildRules = (
			);
			dependencies = (
			);
			name = Roamni;
			productName = Roamni;
			productReference = F05F19BE1E1BC26C00556CD6 /* Roamni.app */;
			productType = "com.apple.product-type.application";
		};
		F05F19D41E1BC26C00556CD6 /* RoamniTests */ = {
			isa = PBXNativeTarget;
			buildConfigurationList = F05F19EC1E1BC26C00556CD6 /* Build configuration list for PBXNativeTarget "RoamniTests" */;
			buildPhases = (
				0D42F4454131682D213679A9 /* [CP] Check Pods Manifest.lock */,
				F05F19D11E1BC26C00556CD6 /* Sources */,
				F05F19D21E1BC26C00556CD6 /* Frameworks */,
				F05F19D31E1BC26C00556CD6 /* Resources */,
				1747B2AFFC88D60D92C3CC47 /* [CP] Embed Pods Frameworks */,
				E47A53B2D9935E7F47489C3F /* [CP] Copy Pods Resources */,
			);
			buildRules = (
			);
			dependencies = (
				F05F19D71E1BC26C00556CD6 /* PBXTargetDependency */,
			);
			name = RoamniTests;
			productName = RoamniTests;
			productReference = F05F19D51E1BC26C00556CD6 /* RoamniTests.xctest */;
			productType = "com.apple.product-type.bundle.unit-test";
		};
		F05F19DF1E1BC26C00556CD6 /* RoamniUITests */ = {
			isa = PBXNativeTarget;
			buildConfigurationList = F05F19EF1E1BC26C00556CD6 /* Build configuration list for PBXNativeTarget "RoamniUITests" */;
			buildPhases = (
				A733BEDA1F005371001E1C74 /* [CP] Check Pods Manifest.lock */,
				F05F19DC1E1BC26C00556CD6 /* Sources */,
				F05F19DD1E1BC26C00556CD6 /* Frameworks */,
				F05F19DE1E1BC26C00556CD6 /* Resources */,
				4625B3934F4DD0A5ED70E82E /* [CP] Embed Pods Frameworks */,
				B177A9F7B8B4BD5850715A8A /* [CP] Copy Pods Resources */,
			);
			buildRules = (
			);
			dependencies = (
				F05F19E21E1BC26C00556CD6 /* PBXTargetDependency */,
			);
			name = RoamniUITests;
			productName = RoamniUITests;
			productReference = F05F19E01E1BC26C00556CD6 /* RoamniUITests.xctest */;
			productType = "com.apple.product-type.bundle.ui-testing";
		};
/* End PBXNativeTarget section */

/* Begin PBXProject section */
		F05F19B61E1BC26C00556CD6 /* Project object */ = {
			isa = PBXProject;
			attributes = {
				LastSwiftUpdateCheck = 0820;
				LastUpgradeCheck = 0820;
				ORGANIZATIONNAME = ROAMNI;
				TargetAttributes = {
					F05F19BD1E1BC26C00556CD6 = {
						CreatedOnToolsVersion = 8.2.1;
						DevelopmentTeam = 5UEEWU7R25;
						ProvisioningStyle = Automatic;
						SystemCapabilities = {
							com.apple.BackgroundModes = {
								enabled = 1;
							};
						};
					};
					F05F19D41E1BC26C00556CD6 = {
						CreatedOnToolsVersion = 8.2.1;
						DevelopmentTeam = 5UEEWU7R25;
						ProvisioningStyle = Automatic;
						TestTargetID = F05F19BD1E1BC26C00556CD6;
					};
					F05F19DF1E1BC26C00556CD6 = {
						CreatedOnToolsVersion = 8.2.1;
						DevelopmentTeam = 5UEEWU7R25;
						ProvisioningStyle = Automatic;
						TestTargetID = F05F19BD1E1BC26C00556CD6;
					};
				};
			};
			buildConfigurationList = F05F19B91E1BC26C00556CD6 /* Build configuration list for PBXProject "Roamni" */;
			compatibilityVersion = "Xcode 3.2";
			developmentRegion = English;
			hasScannedForEncodings = 0;
			knownRegions = (
				en,
				Base,
			);
			mainGroup = F05F19B51E1BC26C00556CD6;
			productRefGroup = F05F19BF1E1BC26C00556CD6 /* Products */;
			projectDirPath = "";
			projectRoot = "";
			targets = (
				F05F19BD1E1BC26C00556CD6 /* Roamni */,
				F05F19D41E1BC26C00556CD6 /* RoamniTests */,
				F05F19DF1E1BC26C00556CD6 /* RoamniUITests */,
			);
		};
/* End PBXProject section */

/* Begin PBXResourcesBuildPhase section */
		F05F19BC1E1BC26C00556CD6 /* Resources */ = {
			isa = PBXResourcesBuildPhase;
			buildActionMask = 2147483647;
			files = (
				F0296EBC1E4953EB00652816 /* 1.m4a in Resources */,
				F0F2D92B1E59F783004F21C4 /* img.jpeg in Resources */,
				F0296EBD1E4953EB00652816 /* 2.m4a in Resources */,
				F0296EBE1E4953EB00652816 /* 3.m4a in Resources */,
				A6A639921E1DF5AA0026E207 /* GoogleService-Info.plist in Resources */,
				F05F19CC1E1BC26C00556CD6 /* Assets.xcassets in Resources */,
				F0BCCB141E362E52005162DB /* LaunchScreen.storyboard in Resources */,
				F063DE211E239B0400424985 /* Main.storyboard in Resources */,
			);
			runOnlyForDeploymentPostprocessing = 0;
		};
		F05F19D31E1BC26C00556CD6 /* Resources */ = {
			isa = PBXResourcesBuildPhase;
			buildActionMask = 2147483647;
			files = (
			);
			runOnlyForDeploymentPostprocessing = 0;
		};
		F05F19DE1E1BC26C00556CD6 /* Resources */ = {
			isa = PBXResourcesBuildPhase;
			buildActionMask = 2147483647;
			files = (
			);
			runOnlyForDeploymentPostprocessing = 0;
		};
/* End PBXResourcesBuildPhase section */

/* Begin PBXShellScriptBuildPhase section */
		0D42F4454131682D213679A9 /* [CP] Check Pods Manifest.lock */ = {
			isa = PBXShellScriptBuildPhase;
			buildActionMask = 2147483647;
			files = (
			);
			inputPaths = (
			);
			name = "[CP] Check Pods Manifest.lock";
			outputPaths = (
			);
			runOnlyForDeploymentPostprocessing = 0;
			shellPath = /bin/sh;
			shellScript = "diff \"${PODS_ROOT}/../Podfile.lock\" \"${PODS_ROOT}/Manifest.lock\" > /dev/null\nif [ $? != 0 ] ; then\n    # print error to STDERR\n    echo \"error: The sandbox is not in sync with the Podfile.lock. Run 'pod install' or update your CocoaPods installation.\" >&2\n    exit 1\nfi\n";
			showEnvVarsInLog = 0;
		};
		172BD6BA9FE0FC0FB3E773EA /* [CP] Copy Pods Resources */ = {
			isa = PBXShellScriptBuildPhase;
			buildActionMask = 2147483647;
			files = (
			);
			inputPaths = (
			);
			name = "[CP] Copy Pods Resources";
			outputPaths = (
			);
			runOnlyForDeploymentPostprocessing = 0;
			shellPath = /bin/sh;
			shellScript = "\"${SRCROOT}/Pods/Target Support Files/Pods-Roamni/Pods-Roamni-resources.sh\"\n";
			showEnvVarsInLog = 0;
		};
		1747B2AFFC88D60D92C3CC47 /* [CP] Embed Pods Frameworks */ = {
			isa = PBXShellScriptBuildPhase;
			buildActionMask = 2147483647;
			files = (
			);
			inputPaths = (
			);
			name = "[CP] Embed Pods Frameworks";
			outputPaths = (
			);
			runOnlyForDeploymentPostprocessing = 0;
			shellPath = /bin/sh;
			shellScript = "\"${SRCROOT}/Pods/Target Support Files/Pods-RoamniTests/Pods-RoamniTests-frameworks.sh\"\n";
			showEnvVarsInLog = 0;
		};
		4625B3934F4DD0A5ED70E82E /* [CP] Embed Pods Frameworks */ = {
			isa = PBXShellScriptBuildPhase;
			buildActionMask = 2147483647;
			files = (
			);
			inputPaths = (
			);
			name = "[CP] Embed Pods Frameworks";
			outputPaths = (
			);
			runOnlyForDeploymentPostprocessing = 0;
			shellPath = /bin/sh;
			shellScript = "\"${SRCROOT}/Pods/Target Support Files/Pods-RoamniUITests/Pods-RoamniUITests-frameworks.sh\"\n";
			showEnvVarsInLog = 0;
		};
		508FD1AD5DCB4690906CA30B /* [CP] Check Pods Manifest.lock */ = {
			isa = PBXShellScriptBuildPhase;
			buildActionMask = 2147483647;
			files = (
			);
			inputPaths = (
			);
			name = "[CP] Check Pods Manifest.lock";
			outputPaths = (
			);
			runOnlyForDeploymentPostprocessing = 0;
			shellPath = /bin/sh;
			shellScript = "diff \"${PODS_ROOT}/../Podfile.lock\" \"${PODS_ROOT}/Manifest.lock\" > /dev/null\nif [ $? != 0 ] ; then\n    # print error to STDERR\n    echo \"error: The sandbox is not in sync with the Podfile.lock. Run 'pod install' or update your CocoaPods installation.\" >&2\n    exit 1\nfi\n";
			showEnvVarsInLog = 0;
		};
		A733BEDA1F005371001E1C74 /* [CP] Check Pods Manifest.lock */ = {
			isa = PBXShellScriptBuildPhase;
			buildActionMask = 2147483647;
			files = (
			);
			inputPaths = (
			);
			name = "[CP] Check Pods Manifest.lock";
			outputPaths = (
			);
			runOnlyForDeploymentPostprocessing = 0;
			shellPath = /bin/sh;
			shellScript = "diff \"${PODS_ROOT}/../Podfile.lock\" \"${PODS_ROOT}/Manifest.lock\" > /dev/null\nif [ $? != 0 ] ; then\n    # print error to STDERR\n    echo \"error: The sandbox is not in sync with the Podfile.lock. Run 'pod install' or update your CocoaPods installation.\" >&2\n    exit 1\nfi\n";
			showEnvVarsInLog = 0;
		};
		B177A9F7B8B4BD5850715A8A /* [CP] Copy Pods Resources */ = {
			isa = PBXShellScriptBuildPhase;
			buildActionMask = 2147483647;
			files = (
			);
			inputPaths = (
			);
			name = "[CP] Copy Pods Resources";
			outputPaths = (
			);
			runOnlyForDeploymentPostprocessing = 0;
			shellPath = /bin/sh;
			shellScript = "\"${SRCROOT}/Pods/Target Support Files/Pods-RoamniUITests/Pods-RoamniUITests-resources.sh\"\n";
			showEnvVarsInLog = 0;
		};
		C18BD87588C0ECDD92D64383 /* [CP] Embed Pods Frameworks */ = {
			isa = PBXShellScriptBuildPhase;
			buildActionMask = 2147483647;
			files = (
			);
			inputPaths = (
			);
			name = "[CP] Embed Pods Frameworks";
			outputPaths = (
			);
			runOnlyForDeploymentPostprocessing = 0;
			shellPath = /bin/sh;
			shellScript = "\"${SRCROOT}/Pods/Target Support Files/Pods-Roamni/Pods-Roamni-frameworks.sh\"\n";
			showEnvVarsInLog = 0;
		};
		E47A53B2D9935E7F47489C3F /* [CP] Copy Pods Resources */ = {
			isa = PBXShellScriptBuildPhase;
			buildActionMask = 2147483647;
			files = (
			);
			inputPaths = (
			);
			name = "[CP] Copy Pods Resources";
			outputPaths = (
			);
			runOnlyForDeploymentPostprocessing = 0;
			shellPath = /bin/sh;
			shellScript = "\"${SRCROOT}/Pods/Target Support Files/Pods-RoamniTests/Pods-RoamniTests-resources.sh\"\n";
			showEnvVarsInLog = 0;
		};
/* End PBXShellScriptBuildPhase section */

/* Begin PBXSourcesBuildPhase section */
		F05F19BA1E1BC26C00556CD6 /* Sources */ = {
			isa = PBXSourcesBuildPhase;
			buildActionMask = 2147483647;
			files = (
				F0296EC01E49D7DB00652816 /* LineView.swift in Sources */,
				A6B9019D1E3B339F00516908 /* StarViewController.swift in Sources */,
				A60834301E24F0CA00775187 /* MyRoamniRequestTourCell.swift in Sources */,
				F02618051E326252004697EA /* LengthTableViewCell.swift in Sources */,
				A60834451E24F2D200775187 /* MyRoamniHowViewController.swift in Sources */,
				F02617F91E2F97C0004697EA /* ContainerViewController.swift in Sources */,
				A608342E1E24F0B100775187 /* MyRoamniUserCell.swift in Sources */,
				F02617F71E2F95F1004697EA /* ContainerTableViewController.swift in Sources */,
				F05F19F61E1D18B700556CD6 /* WalkingTableViewCell.swift in Sources */,
				A608343D1E24F27B00775187 /* MyRoamniRequestTourViewController.swift in Sources */,
				F05F19F81E1D190800556CD6 /* DrivingTableViewCell.swift in Sources */,
				F063DE1F1E2355DC00424985 /* Tour.swift in Sources */,
				F05F19CA1E1BC26C00556CD6 /* Roamni.xcdatamodeld in Sources */,
				F0296EB11E493EED00652816 /* MyTourTableViewController.swift in Sources */,
				F05F1A131E1D37E200556CD6 /* RecomTableViewCell.swift in Sources */,
				F02618031E326222004697EA /* RatingTableViewCell.swift in Sources */,
				F05F19C41E1BC26C00556CD6 /* ViewController.swift in Sources */,
				F05F1A111E1D37CC00556CD6 /* MoreTableViewCell.swift in Sources */,
				A608344D1E27592F00775187 /* MyRoamniLoginCell.swift in Sources */,
				F0296EC21E49D7E200652816 /* ModalViewController.swift in Sources */,
				F02617F51E2F95D3004697EA /* ContainerMapViewController.swift in Sources */,
				A6A639941E1E05D10026E207 /* MyRoamniViewController.swift in Sources */,
				A6B901991E3A446500516908 /* Extensions.swift in Sources */,
				A6B901971E39252400516908 /* ContainerTableViewCell.swift in Sources */,
				F0296EC41E49DC8400652816 /* MusicPlayerTransitionAnimation.swift in Sources */,
				A608343A1E24F13900775187 /* MyRoamniAboutCell.swift in Sources */,
				A60834411E24F2AA00775187 /* MyRoamniUploadToursViewController.swift in Sources */,
				F05F1A0D1E1D37A900556CD6 /* RealTableViewCell.swift in Sources */,
				A60834471E24F2DC00775187 /* MyRoamniAboutViewController.swift in Sources */,
				F063DE1D1E22929D00424985 /* DetailViewController.swift in Sources */,
				F080D7691E2F4A510031B1CD /* SearchContainerViewController.swift in Sources */,
				A60834431E24F2C500775187 /* MyRoamniDistributionReportsViewController.swift in Sources */,
				A60834341E24F0EA00775187 /* MyRoamniUploadTourCell.swift in Sources */,
				F05F19FD1E1D1DE200556CD6 /* NearbyViewController.swift in Sources */,
				F0296EB31E493FB300652816 /* MyRoamniDownloadCell.swift in Sources */,
				F05F1A0B1E1D379800556CD6 /* ShopTableViewCell.swift in Sources */,
				F080D7671E2DF5AC0031B1CD /* TourForMap.swift in Sources */,
				A608343F1E24F29A00775187 /* MyRoamniDownloadToursViewController.swift in Sources */,
				A60A3BEC1E4CA156005E2D0A /* KeyboardHideExtension.swift in Sources */,
				F05F1A0F1E1D37BE00556CD6 /* AccTableViewCell.swift in Sources */,
				F05F19C21E1BC26C00556CD6 /* AppDelegate.swift in Sources */,
				F02617FB1E2F97CA004697EA /* EmptySegue.swift in Sources */,
				F05F19FA1E1D191300556CD6 /* CyclingTableViewCell.swift in Sources */,
				F02617FD1E3222F7004697EA /* FilterTableViewController.swift in Sources */,
				A60834361E24F10000775187 /* MyRoamniDistributionCell.swift in Sources */,
				F05F1A151E1D37F100556CD6 /* PreTableViewCell.swift in Sources */,
				A60834381E24F12B00775187 /* MyRoamniHowCell.swift in Sources */,
				A60834491E24F41400775187 /* MyRoamniUserLoginViewController.swift in Sources */,
				F02618071E3266F1004697EA /* DifficultyTableViewCell.swift in Sources */,
				A60A3BEE1E4CE4B2005E2D0A /* DownloadTour.swift in Sources */,
			);
			runOnlyForDeploymentPostprocessing = 0;
		};
		F05F19D11E1BC26C00556CD6 /* Sources */ = {
			isa = PBXSourcesBuildPhase;
			buildActionMask = 2147483647;
			files = (
				F05F19DA1E1BC26C00556CD6 /* RoamniTests.swift in Sources */,
			);
			runOnlyForDeploymentPostprocessing = 0;
		};
		F05F19DC1E1BC26C00556CD6 /* Sources */ = {
			isa = PBXSourcesBuildPhase;
			buildActionMask = 2147483647;
			files = (
				F05F19E51E1BC26C00556CD6 /* RoamniUITests.swift in Sources */,
			);
			runOnlyForDeploymentPostprocessing = 0;
		};
/* End PBXSourcesBuildPhase section */

/* Begin PBXTargetDependency section */
		F05F19D71E1BC26C00556CD6 /* PBXTargetDependency */ = {
			isa = PBXTargetDependency;
			target = F05F19BD1E1BC26C00556CD6 /* Roamni */;
			targetProxy = F05F19D61E1BC26C00556CD6 /* PBXContainerItemProxy */;
		};
		F05F19E21E1BC26C00556CD6 /* PBXTargetDependency */ = {
			isa = PBXTargetDependency;
			target = F05F19BD1E1BC26C00556CD6 /* Roamni */;
			targetProxy = F05F19E11E1BC26C00556CD6 /* PBXContainerItemProxy */;
		};
/* End PBXTargetDependency section */

/* Begin XCBuildConfiguration section */
		F05F19E71E1BC26C00556CD6 /* Debug */ = {
			isa = XCBuildConfiguration;
			buildSettings = {
				ALWAYS_SEARCH_USER_PATHS = NO;
				CLANG_ANALYZER_NONNULL = YES;
				CLANG_CXX_LANGUAGE_STANDARD = "gnu++0x";
				CLANG_CXX_LIBRARY = "libc++";
				CLANG_ENABLE_MODULES = YES;
				CLANG_ENABLE_OBJC_ARC = YES;
				CLANG_WARN_BOOL_CONVERSION = YES;
				CLANG_WARN_CONSTANT_CONVERSION = YES;
				CLANG_WARN_DIRECT_OBJC_ISA_USAGE = YES_ERROR;
				CLANG_WARN_DOCUMENTATION_COMMENTS = YES;
				CLANG_WARN_EMPTY_BODY = YES;
				CLANG_WARN_ENUM_CONVERSION = YES;
				CLANG_WARN_INFINITE_RECURSION = YES;
				CLANG_WARN_INT_CONVERSION = YES;
				CLANG_WARN_OBJC_ROOT_CLASS = YES_ERROR;
				CLANG_WARN_SUSPICIOUS_MOVE = YES;
				CLANG_WARN_UNREACHABLE_CODE = YES;
				CLANG_WARN__DUPLICATE_METHOD_MATCH = YES;
				"CODE_SIGN_IDENTITY[sdk=iphoneos*]" = "iPhone Developer";
				COPY_PHASE_STRIP = NO;
				DEBUG_INFORMATION_FORMAT = dwarf;
				ENABLE_STRICT_OBJC_MSGSEND = YES;
				ENABLE_TESTABILITY = YES;
				GCC_C_LANGUAGE_STANDARD = gnu99;
				GCC_DYNAMIC_NO_PIC = NO;
				GCC_NO_COMMON_BLOCKS = YES;
				GCC_OPTIMIZATION_LEVEL = 0;
				GCC_PREPROCESSOR_DEFINITIONS = (
					"DEBUG=1",
					"$(inherited)",
				);
				GCC_WARN_64_TO_32_BIT_CONVERSION = YES;
				GCC_WARN_ABOUT_RETURN_TYPE = YES_ERROR;
				GCC_WARN_UNDECLARED_SELECTOR = YES;
				GCC_WARN_UNINITIALIZED_AUTOS = YES_AGGRESSIVE;
				GCC_WARN_UNUSED_FUNCTION = YES;
				GCC_WARN_UNUSED_VARIABLE = YES;
				IPHONEOS_DEPLOYMENT_TARGET = 10.2;
				MTL_ENABLE_DEBUG_INFO = YES;
				ONLY_ACTIVE_ARCH = YES;
				SDKROOT = iphoneos;
				SWIFT_ACTIVE_COMPILATION_CONDITIONS = DEBUG;
				SWIFT_OPTIMIZATION_LEVEL = "-Onone";
				TARGETED_DEVICE_FAMILY = "1,2";
			};
			name = Debug;
		};
		F05F19E81E1BC26C00556CD6 /* Release */ = {
			isa = XCBuildConfiguration;
			buildSettings = {
				ALWAYS_SEARCH_USER_PATHS = NO;
				CLANG_ANALYZER_NONNULL = YES;
				CLANG_CXX_LANGUAGE_STANDARD = "gnu++0x";
				CLANG_CXX_LIBRARY = "libc++";
				CLANG_ENABLE_MODULES = YES;
				CLANG_ENABLE_OBJC_ARC = YES;
				CLANG_WARN_BOOL_CONVERSION = YES;
				CLANG_WARN_CONSTANT_CONVERSION = YES;
				CLANG_WARN_DIRECT_OBJC_ISA_USAGE = YES_ERROR;
				CLANG_WARN_DOCUMENTATION_COMMENTS = YES;
				CLANG_WARN_EMPTY_BODY = YES;
				CLANG_WARN_ENUM_CONVERSION = YES;
				CLANG_WARN_INFINITE_RECURSION = YES;
				CLANG_WARN_INT_CONVERSION = YES;
				CLANG_WARN_OBJC_ROOT_CLASS = YES_ERROR;
				CLANG_WARN_SUSPICIOUS_MOVE = YES;
				CLANG_WARN_UNREACHABLE_CODE = YES;
				CLANG_WARN__DUPLICATE_METHOD_MATCH = YES;
				"CODE_SIGN_IDENTITY[sdk=iphoneos*]" = "iPhone Developer";
				COPY_PHASE_STRIP = NO;
				DEBUG_INFORMATION_FORMAT = "dwarf-with-dsym";
				ENABLE_NS_ASSERTIONS = NO;
				ENABLE_STRICT_OBJC_MSGSEND = YES;
				GCC_C_LANGUAGE_STANDARD = gnu99;
				GCC_NO_COMMON_BLOCKS = YES;
				GCC_WARN_64_TO_32_BIT_CONVERSION = YES;
				GCC_WARN_ABOUT_RETURN_TYPE = YES_ERROR;
				GCC_WARN_UNDECLARED_SELECTOR = YES;
				GCC_WARN_UNINITIALIZED_AUTOS = YES_AGGRESSIVE;
				GCC_WARN_UNUSED_FUNCTION = YES;
				GCC_WARN_UNUSED_VARIABLE = YES;
				IPHONEOS_DEPLOYMENT_TARGET = 10.2;
				MTL_ENABLE_DEBUG_INFO = NO;
				SDKROOT = iphoneos;
				SWIFT_OPTIMIZATION_LEVEL = "-Owholemodule";
				TARGETED_DEVICE_FAMILY = "1,2";
				VALIDATE_PRODUCT = YES;
			};
			name = Release;
		};
		F05F19EA1E1BC26C00556CD6 /* Debug */ = {
			isa = XCBuildConfiguration;
			baseConfigurationReference = B6B44BF97247FFACC8EC1517 /* Pods-Roamni.debug.xcconfig */;
			buildSettings = {
				ASSETCATALOG_COMPILER_APPICON_NAME = AppIcon;
				DEVELOPMENT_TEAM = 5UEEWU7R25;
				INFOPLIST_FILE = Roamni/Info.plist;
				IPHONEOS_DEPLOYMENT_TARGET = 10.1;
				LD_RUNPATH_SEARCH_PATHS = "$(inherited) @executable_path/Frameworks";
				PRODUCT_BUNDLE_IDENTIFIER = Roamni.prototypess;
				PRODUCT_NAME = "$(TARGET_NAME)";
				SWIFT_VERSION = 3.0;
			};
			name = Debug;
		};
		F05F19EB1E1BC26C00556CD6 /* Release */ = {
			isa = XCBuildConfiguration;
			baseConfigurationReference = C95B3B5E6B72742CC18460B8 /* Pods-Roamni.release.xcconfig */;
			buildSettings = {
				ASSETCATALOG_COMPILER_APPICON_NAME = AppIcon;
				DEVELOPMENT_TEAM = 5UEEWU7R25;
				INFOPLIST_FILE = Roamni/Info.plist;
				IPHONEOS_DEPLOYMENT_TARGET = 10.1;
				LD_RUNPATH_SEARCH_PATHS = "$(inherited) @executable_path/Frameworks";
				PRODUCT_BUNDLE_IDENTIFIER = Roamni.prototypess;
				PRODUCT_NAME = "$(TARGET_NAME)";
				SWIFT_VERSION = 3.0;
			};
			name = Release;
		};
		F05F19ED1E1BC26C00556CD6 /* Debug */ = {
			isa = XCBuildConfiguration;
			baseConfigurationReference = AC13739CE1DA53B86601A213 /* Pods-RoamniTests.debug.xcconfig */;
			buildSettings = {
				ALWAYS_EMBED_SWIFT_STANDARD_LIBRARIES = YES;
				BUNDLE_LOADER = "$(TEST_HOST)";
				DEVELOPMENT_TEAM = 5UEEWU7R25;
				INFOPLIST_FILE = RoamniTests/Info.plist;
				IPHONEOS_DEPLOYMENT_TARGET = 10.1;
				LD_RUNPATH_SEARCH_PATHS = "$(inherited) @executable_path/Frameworks @loader_path/Frameworks";
				PRODUCT_BUNDLE_IDENTIFIER = ROAMNI.RoamniTests;
				PRODUCT_NAME = "$(TARGET_NAME)";
				SWIFT_VERSION = 3.0;
				TEST_HOST = "$(BUILT_PRODUCTS_DIR)/Roamni.app/Roamni";
			};
			name = Debug;
		};
		F05F19EE1E1BC26C00556CD6 /* Release */ = {
			isa = XCBuildConfiguration;
			baseConfigurationReference = 47FFDFCA848D1C7A4458852B /* Pods-RoamniTests.release.xcconfig */;
			buildSettings = {
				ALWAYS_EMBED_SWIFT_STANDARD_LIBRARIES = YES;
				BUNDLE_LOADER = "$(TEST_HOST)";
				DEVELOPMENT_TEAM = 5UEEWU7R25;
				INFOPLIST_FILE = RoamniTests/Info.plist;
				IPHONEOS_DEPLOYMENT_TARGET = 10.1;
				LD_RUNPATH_SEARCH_PATHS = "$(inherited) @executable_path/Frameworks @loader_path/Frameworks";
				PRODUCT_BUNDLE_IDENTIFIER = ROAMNI.RoamniTests;
				PRODUCT_NAME = "$(TARGET_NAME)";
				SWIFT_VERSION = 3.0;
				TEST_HOST = "$(BUILT_PRODUCTS_DIR)/Roamni.app/Roamni";
			};
			name = Release;
		};
		F05F19F01E1BC26C00556CD6 /* Debug */ = {
			isa = XCBuildConfiguration;
			baseConfigurationReference = 6BF49D98EAD3D4B15D245B4E /* Pods-RoamniUITests.debug.xcconfig */;
			buildSettings = {
				ALWAYS_EMBED_SWIFT_STANDARD_LIBRARIES = YES;
				DEVELOPMENT_TEAM = 5UEEWU7R25;
				INFOPLIST_FILE = RoamniUITests/Info.plist;
				IPHONEOS_DEPLOYMENT_TARGET = 10.1;
				LD_RUNPATH_SEARCH_PATHS = "$(inherited) @executable_path/Frameworks @loader_path/Frameworks";
				PRODUCT_BUNDLE_IDENTIFIER = ROAMNI.RoamniUITests;
				PRODUCT_NAME = "$(TARGET_NAME)";
				SWIFT_VERSION = 3.0;
				TEST_TARGET_NAME = Roamni;
			};
			name = Debug;
		};
		F05F19F11E1BC26C00556CD6 /* Release */ = {
			isa = XCBuildConfiguration;
			baseConfigurationReference = F51C488CFB7EC4528C52017A /* Pods-RoamniUITests.release.xcconfig */;
			buildSettings = {
				ALWAYS_EMBED_SWIFT_STANDARD_LIBRARIES = YES;
				DEVELOPMENT_TEAM = 5UEEWU7R25;
				INFOPLIST_FILE = RoamniUITests/Info.plist;
				IPHONEOS_DEPLOYMENT_TARGET = 10.1;
				LD_RUNPATH_SEARCH_PATHS = "$(inherited) @executable_path/Frameworks @loader_path/Frameworks";
				PRODUCT_BUNDLE_IDENTIFIER = ROAMNI.RoamniUITests;
				PRODUCT_NAME = "$(TARGET_NAME)";
				SWIFT_VERSION = 3.0;
				TEST_TARGET_NAME = Roamni;
			};
			name = Release;
		};
/* End XCBuildConfiguration section */

/* Begin XCConfigurationList section */
		F05F19B91E1BC26C00556CD6 /* Build configuration list for PBXProject "Roamni" */ = {
			isa = XCConfigurationList;
			buildConfigurations = (
				F05F19E71E1BC26C00556CD6 /* Debug */,
				F05F19E81E1BC26C00556CD6 /* Release */,
			);
			defaultConfigurationIsVisible = 0;
			defaultConfigurationName = Release;
		};
		F05F19E91E1BC26C00556CD6 /* Build configuration list for PBXNativeTarget "Roamni" */ = {
			isa = XCConfigurationList;
			buildConfigurations = (
				F05F19EA1E1BC26C00556CD6 /* Debug */,
				F05F19EB1E1BC26C00556CD6 /* Release */,
			);
			defaultConfigurationIsVisible = 0;
			defaultConfigurationName = Release;
		};
		F05F19EC1E1BC26C00556CD6 /* Build configuration list for PBXNativeTarget "RoamniTests" */ = {
			isa = XCConfigurationList;
			buildConfigurations = (
				F05F19ED1E1BC26C00556CD6 /* Debug */,
				F05F19EE1E1BC26C00556CD6 /* Release */,
			);
			defaultConfigurationIsVisible = 0;
			defaultConfigurationName = Release;
		};
		F05F19EF1E1BC26C00556CD6 /* Build configuration list for PBXNativeTarget "RoamniUITests" */ = {
			isa = XCConfigurationList;
			buildConfigurations = (
				F05F19F01E1BC26C00556CD6 /* Debug */,
				F05F19F11E1BC26C00556CD6 /* Release */,
			);
			defaultConfigurationIsVisible = 0;
			defaultConfigurationName = Release;
		};
/* End XCConfigurationList section */

/* Begin XCVersionGroup section */
		F05F19C81E1BC26C00556CD6 /* Roamni.xcdatamodeld */ = {
			isa = XCVersionGroup;
			children = (
				F05F19C91E1BC26C00556CD6 /* Roamni.xcdatamodel */,
			);
			currentVersion = F05F19C91E1BC26C00556CD6 /* Roamni.xcdatamodel */;
			path = Roamni.xcdatamodeld;
			sourceTree = "<group>";
			versionGroupType = wrapper.xcdatamodel;
		};
/* End XCVersionGroup section */
	};
	rootObject = F05F19B61E1BC26C00556CD6 /* Project object */;
}
